# THIS IS AN AUTOGENERATED FILE. DO NOT EDIT THIS FILE DIRECTLY.
# yarn lockfile v1


"@babel/runtime-corejs2@^7.0.0":
  version "7.7.4"
  resolved "https://registry.yarnpkg.com/@babel/runtime-corejs2/-/runtime-corejs2-7.7.4.tgz#b9c2b1b5882762005785bc47740195a0ac780888"
  integrity sha512-hKNcmHQbBSJFnZ82ewYtWDZ3fXkP/l1XcfRtm7c8gHPM/DMecJtFFBEp7KMLZTuHwwb7RfemHdsEnd7L916Z6A==
  dependencies:
    core-js "^2.6.5"
    regenerator-runtime "^0.13.2"

core-js@^2.6.5:
  version "2.6.10"
  resolved "https://registry.yarnpkg.com/core-js/-/core-js-2.6.10.tgz#8a5b8391f8cc7013da703411ce5b585706300d7f"
  integrity sha512-I39t74+4t+zau64EN1fE5v2W31Adtc/REhzWN+gWRRXg6WH5qAsZm62DHpQ1+Yhe4047T55jvzz7MUqF/dBBlA==

react-on-rails@11.3.0:
  version "11.3.0"
  resolved "https://registry.yarnpkg.com/react-on-rails/-/react-on-rails-11.3.0.tgz#edebfd4b98f1fa110e4d5ce92ef699d7dccf8fb2"
  integrity sha512-3eyoZe+tysxdMy7IZ7Ca6gar268iX1NOJy7hJH8CW9dfNIFWbeWXTVa3G91wrt5xo2toWZLCoj51WcBWw0Rm3Q==
  dependencies:
    "@babel/runtime-corejs2" "^7.0.0"

regenerator-runtime@^0.13.2:
  version "0.13.3"
  resolved "https://registry.yarnpkg.com/regenerator-runtime/-/regenerator-runtime-0.13.3.tgz#7cf6a77d8f5c6f60eb73c5fc1955b2ceb01e6bf5"
  integrity sha512-naKIZz2GQ8JWh///G7L3X6LaQUAMp2lvb1rvwwsURe/VXwD6VMfr+/1NuNw3ag8v2kY1aQ/go5SNn79O9JU7yw==
